
Microsoft Visual Studio Solution File, Format Version 12.00
# Visual Studio Version 17
VisualStudioVersion = 17.11.35327.3
MinimumVisualStudioVersion = 10.0.40219.1
Project("{FAE04EC0-301F-11D3-BF4B-00C04F79EFBC}") = "InteractiveSample", "InteractiveSample.csproj", "{BC7ED962-567C-433F-B855-198C648C68DB}"
EndProject
Global
	GlobalSection(SolutionConfigurationPlatforms) = preSolution
		Debug|Any CPU = Debug|Any CPU
		Release|Any CPU = Release|Any CPU
	EndGlobalSection
	GlobalSection(ProjectConfigurationPlatforms) = postSolution
		{BC7ED962-567C-433F-B855-198C648C68DB}.Debug|Any CPU.ActiveCfg = Debug|Any CPU
		{BC7ED962-567C-433F-B855-198C648C68DB}.Debug|Any CPU.Build.0 = Debug|Any CPU
		{BC7ED962-567C-433F-B855-198C648C68DB}.Release|Any CPU.ActiveCfg = Release|Any CPU
		{BC7ED962-567C-433F-B855-198C648C68DB}.Release|Any CPU.Build.0 = Release|Any CPU
	EndGlobalSection
	GlobalSection(SolutionProperties) = preSolution
		HideSolutionNode = FALSE
	EndGlobalSection
	GlobalSection(ExtensibilityGlobals) = postSolution
		SolutionGuid = {E2869DBA-9D79-468B-A35E-708E282BE455}
	EndGlobalSection
EndGlobal
